
Microsoft Visual Studio Solution File, Format Version 12.00
# Visual Studio 14
VisualStudioVersion = 14.0.25420.1
MinimumVisualStudioVersion = 10.0.40219.1
Project("{FAE04EC0-301F-11D3-BF4B-00C04F79EFBC}") = "Sharpenter.BootstrapperLoader", "Sharpenter.BootstrapperLoader\Sharpenter.BootstrapperLoader.csproj", "{6BDCAA00-1538-49DF-8C00-E393969D119F}"
EndProject
Project("{2150E333-8FDC-42A3-9474-1A3956D46DE8}") = "Source", "Source", "{8AD82E96-F4A7-4235-A7D8-5759B2965F4D}"
EndProject
Project("{2150E333-8FDC-42A3-9474-1A3956D46DE8}") = "Tests", "Tests", "{4D626490-22D3-4B3D-BDD7-9B0EF9A0BE5F}"
EndProject
Project("{FAE04EC0-301F-11D3-BF4B-00C04F79EFBC}") = "Sharpenter.BootstrapperLoader.Tests", "Sharpenter.BootstrapperLoader.Tests\Sharpenter.BootstrapperLoader.Tests.csproj", "{BEC1FCDC-BDF6-45D6-8DCD-7641CF44E099}"
EndProject
Project("{2150E333-8FDC-42A3-9474-1A3956D46DE8}") = "Build", "Build", "{E9A5691D-C903-4633-924B-1FA65404F0C7}"
	ProjectSection(SolutionItems) = preProject
		appveyor.yml = appveyor.yml
		build.cake.cs = build.cake.cs
		build.ps1 = build.ps1
	EndProjectSection
EndProject
Project("{2150E333-8FDC-42A3-9474-1A3956D46DE8}") = "Deployment", "Deployment", "{DDE935A4-6E4E-4B2A-80BA-23964E04177D}"
	ProjectSection(SolutionItems) = preProject
		deployment\package.ps1 = deployment\package.ps1
		deployment\Sharpenter.BootstrapperLoader.nuspec = deployment\Sharpenter.BootstrapperLoader.nuspec
	EndProjectSection
EndProject
Global
	GlobalSection(SolutionConfigurationPlatforms) = preSolution
		Debug|Any CPU = Debug|Any CPU
		Release|Any CPU = Release|Any CPU
	EndGlobalSection
	GlobalSection(ProjectConfigurationPlatforms) = postSolution
		{6BDCAA00-1538-49DF-8C00-E393969D119F}.Debug|Any CPU.ActiveCfg = Debug|Any CPU
		{6BDCAA00-1538-49DF-8C00-E393969D119F}.Debug|Any CPU.Build.0 = Debug|Any CPU
		{6BDCAA00-1538-49DF-8C00-E393969D119F}.Release|Any CPU.ActiveCfg = Release|Any CPU
		{6BDCAA00-1538-49DF-8C00-E393969D119F}.Release|Any CPU.Build.0 = Release|Any CPU
		{BEC1FCDC-BDF6-45D6-8DCD-7641CF44E099}.Debug|Any CPU.ActiveCfg = Debug|Any CPU
		{BEC1FCDC-BDF6-45D6-8DCD-7641CF44E099}.Debug|Any CPU.Build.0 = Debug|Any CPU
		{BEC1FCDC-BDF6-45D6-8DCD-7641CF44E099}.Release|Any CPU.ActiveCfg = Release|Any CPU
		{BEC1FCDC-BDF6-45D6-8DCD-7641CF44E099}.Release|Any CPU.Build.0 = Release|Any CPU
	EndGlobalSection
	GlobalSection(SolutionProperties) = preSolution
		HideSolutionNode = FALSE
	EndGlobalSection
	GlobalSection(NestedProjects) = preSolution
		{6BDCAA00-1538-49DF-8C00-E393969D119F} = {8AD82E96-F4A7-4235-A7D8-5759B2965F4D}
		{BEC1FCDC-BDF6-45D6-8DCD-7641CF44E099} = {4D626490-22D3-4B3D-BDD7-9B0EF9A0BE5F}
	EndGlobalSection
EndGlobal
